
Microsoft Visual Studio Solution File, Format Version 12.00
# Visual Studio 15
VisualStudioVersion = 15.0.28307.136
MinimumVisualStudioVersion = 14.0.23107.0
Project("{2150E333-8FDC-42A3-9474-1A3956D46DE8}") = "SkeletalFuckery", "SkeletalFuckery", "{6BD4891C-91E6-44E7-836C-96819EF972B9}"
	ProjectSection(XenkoPackage) = preProject
		SkeletalFuckery/SkeletalFuckery.xkpkg = SkeletalFuckery/SkeletalFuckery.xkpkg
	EndProjectSection
EndProject
Project("{9A19103F-16F7-4668-BE54-9A1E7A4F7556}") = "SkeletalFuckery.Windows", "SkeletalFuckery\SkeletalFuckery.Windows\SkeletalFuckery.Windows.csproj", "{AA59D05B-BB5A-47BF-B40F-695DEEA77BD3}"
EndProject
Project("{9A19103F-16F7-4668-BE54-9A1E7A4F7556}") = "SkeletalFuckery.Game", "SkeletalFuckery\SkeletalFuckery.Game\SkeletalFuckery.Game.csproj", "{B36A2518-B9A6-4C7D-94A9-EF88DC576529}"
EndProject
Global
	GlobalSection(SolutionConfigurationPlatforms) = preSolution
		AppStore|Any CPU = AppStore|Any CPU
		AppStore|Mixed Platforms = AppStore|Mixed Platforms
		AppStore|Windows = AppStore|Windows
		Debug|Any CPU = Debug|Any CPU
		Debug|Mixed Platforms = Debug|Mixed Platforms
		Debug|Windows = Debug|Windows
		Release|Any CPU = Release|Any CPU
		Release|Mixed Platforms = Release|Mixed Platforms
		Release|Windows = Release|Windows
		Testing|Any CPU = Testing|Any CPU
		Testing|Mixed Platforms = Testing|Mixed Platforms
		Testing|Windows = Testing|Windows
	EndGlobalSection
	GlobalSection(ProjectConfigurationPlatforms) = postSolution
		{AA59D05B-BB5A-47BF-B40F-695DEEA77BD3}.AppStore|Any CPU.ActiveCfg = AppStore|Any CPU
		{AA59D05B-BB5A-47BF-B40F-695DEEA77BD3}.AppStore|Any CPU.Build.0 = AppStore|Any CPU
		{AA59D05B-BB5A-47BF-B40F-695DEEA77BD3}.AppStore|Any CPU.Deploy.0 = AppStore|Any CPU
		{AA59D05B-BB5A-47BF-B40F-695DEEA77BD3}.AppStore|Mixed Platforms.ActiveCfg = AppStore|Any CPU
		{AA59D05B-BB5A-47BF-B40F-695DEEA77BD3}.AppStore|Mixed Platforms.Build.0 = AppStore|Any CPU
		{AA59D05B-BB5A-47BF-B40F-695DEEA77BD3}.AppStore|Mixed Platforms.Deploy.0 = AppStore|Any CPU
		{AA59D05B-BB5A-47BF-B40F-695DEEA77BD3}.AppStore|Windows.ActiveCfg = AppStore|Any CPU
		{AA59D05B-BB5A-47BF-B40F-695DEEA77BD3}.AppStore|Windows.Build.0 = AppStore|Any CPU
		{AA59D05B-BB5A-47BF-B40F-695DEEA77BD3}.AppStore|Windows.Deploy.0 = AppStore|Any CPU
		{AA59D05B-BB5A-47BF-B40F-695DEEA77BD3}.Debug|Any CPU.ActiveCfg = Debug|Any CPU
		{AA59D05B-BB5A-47BF-B40F-695DEEA77BD3}.Debug|Any CPU.Build.0 = Debug|Any CPU
		{AA59D05B-BB5A-47BF-B40F-695DEEA77BD3}.Debug|Any CPU.Deploy.0 = Debug|Any CPU
		{AA59D05B-BB5A-47BF-B40F-695DEEA77BD3}.Debug|Mixed Platforms.ActiveCfg = Debug|Any CPU
		{AA59D05B-BB5A-47BF-B40F-695DEEA77BD3}.Debug|Mixed Platforms.Build.0 = Debug|Any CPU
		{AA59D05B-BB5A-47BF-B40F-695DEEA77BD3}.Debug|Mixed Platforms.Deploy.0 = Debug|Any CPU
		{AA59D05B-BB5A-47BF-B40F-695DEEA77BD3}.Debug|Windows.ActiveCfg = Debug|Any CPU
		{AA59D05B-BB5A-47BF-B40F-695DEEA77BD3}.Debug|Windows.Build.0 = Debug|Any CPU
		{AA59D05B-BB5A-47BF-B40F-695DEEA77BD3}.Debug|Windows.Deploy.0 = Debug|Any CPU
		{AA59D05B-BB5A-47BF-B40F-695DEEA77BD3}.Release|Any CPU.ActiveCfg = Release|Any CPU
		{AA59D05B-BB5A-47BF-B40F-695DEEA77BD3}.Release|Any CPU.Build.0 = Release|Any CPU
		{AA59D05B-BB5A-47BF-B40F-695DEEA77BD3}.Release|Any CPU.Deploy.0 = Release|Any CPU
		{AA59D05B-BB5A-47BF-B40F-695DEEA77BD3}.Release|Mixed Platforms.ActiveCfg = Release|Any CPU
		{AA59D05B-BB5A-47BF-B40F-695DEEA77BD3}.Release|Mixed Platforms.Build.0 = Release|Any CPU
		{AA59D05B-BB5A-47BF-B40F-695DEEA77BD3}.Release|Mixed Platforms.Deploy.0 = Release|Any CPU
		{AA59D05B-BB5A-47BF-B40F-695DEEA77BD3}.Release|Windows.ActiveCfg = Release|Any CPU
		{AA59D05B-BB5A-47BF-B40F-695DEEA77BD3}.Release|Windows.Build.0 = Release|Any CPU
		{AA59D05B-BB5A-47BF-B40F-695DEEA77BD3}.Release|Windows.Deploy.0 = Release|Any CPU
		{AA59D05B-BB5A-47BF-B40F-695DEEA77BD3}.Testing|Any CPU.ActiveCfg = Testing|Any CPU
		{AA59D05B-BB5A-47BF-B40F-695DEEA77BD3}.Testing|Any CPU.Build.0 = Testing|Any CPU
		{AA59D05B-BB5A-47BF-B40F-695DEEA77BD3}.Testing|Any CPU.Deploy.0 = Testing|Any CPU
		{AA59D05B-BB5A-47BF-B40F-695DEEA77BD3}.Testing|Mixed Platforms.ActiveCfg = Testing|Any CPU
		{AA59D05B-BB5A-47BF-B40F-695DEEA77BD3}.Testing|Mixed Platforms.Build.0 = Testing|Any CPU
		{AA59D05B-BB5A-47BF-B40F-695DEEA77BD3}.Testing|Mixed Platforms.Deploy.0 = Testing|Any CPU
		{AA59D05B-BB5A-47BF-B40F-695DEEA77BD3}.Testing|Windows.ActiveCfg = Testing|Any CPU
		{AA59D05B-BB5A-47BF-B40F-695DEEA77BD3}.Testing|Windows.Build.0 = Testing|Any CPU
		{AA59D05B-BB5A-47BF-B40F-695DEEA77BD3}.Testing|Windows.Deploy.0 = Testing|Any CPU
		{B36A2518-B9A6-4C7D-94A9-EF88DC576529}.AppStore|Any CPU.ActiveCfg = AppStore|Any CPU
		{B36A2518-B9A6-4C7D-94A9-EF88DC576529}.AppStore|Any CPU.Build.0 = AppStore|Any CPU
		{B36A2518-B9A6-4C7D-94A9-EF88DC576529}.AppStore|Mixed Platforms.ActiveCfg = AppStore|Any CPU
		{B36A2518-B9A6-4C7D-94A9-EF88DC576529}.AppStore|Mixed Platforms.Build.0 = AppStore|Any CPU
		{B36A2518-B9A6-4C7D-94A9-EF88DC576529}.AppStore|Windows.ActiveCfg = AppStore|Any CPU
		{B36A2518-B9A6-4C7D-94A9-EF88DC576529}.AppStore|Windows.Build.0 = AppStore|Any CPU
		{B36A2518-B9A6-4C7D-94A9-EF88DC576529}.Debug|Any CPU.ActiveCfg = Debug|Any CPU
		{B36A2518-B9A6-4C7D-94A9-EF88DC576529}.Debug|Any CPU.Build.0 = Debug|Any CPU
		{B36A2518-B9A6-4C7D-94A9-EF88DC576529}.Debug|Mixed Platforms.ActiveCfg = Debug|Any CPU
		{B36A2518-B9A6-4C7D-94A9-EF88DC576529}.Debug|Mixed Platforms.Build.0 = Debug|Any CPU
		{B36A2518-B9A6-4C7D-94A9-EF88DC576529}.Debug|Windows.ActiveCfg = Debug|Any CPU
		{B36A2518-B9A6-4C7D-94A9-EF88DC576529}.Debug|Windows.Build.0 = Debug|Any CPU
		{B36A2518-B9A6-4C7D-94A9-EF88DC576529}.Release|Any CPU.ActiveCfg = Release|Any CPU
		{B36A2518-B9A6-4C7D-94A9-EF88DC576529}.Release|Any CPU.Build.0 = Release|Any CPU
		{B36A2518-B9A6-4C7D-94A9-EF88DC576529}.Release|Mixed Platforms.ActiveCfg = Release|Any CPU
		{B36A2518-B9A6-4C7D-94A9-EF88DC576529}.Release|Mixed Platforms.Build.0 = Release|Any CPU
		{B36A2518-B9A6-4C7D-94A9-EF88DC576529}.Release|Windows.ActiveCfg = Release|Any CPU
		{B36A2518-B9A6-4C7D-94A9-EF88DC576529}.Release|Windows.Build.0 = Release|Any CPU
		{B36A2518-B9A6-4C7D-94A9-EF88DC576529}.Testing|Any CPU.ActiveCfg = Testing|Any CPU
		{B36A2518-B9A6-4C7D-94A9-EF88DC576529}.Testing|Any CPU.Build.0 = Testing|Any CPU
		{B36A2518-B9A6-4C7D-94A9-EF88DC576529}.Testing|Mixed Platforms.ActiveCfg = Testing|Any CPU
		{B36A2518-B9A6-4C7D-94A9-EF88DC576529}.Testing|Mixed Platforms.Build.0 = Testing|Any CPU
		{B36A2518-B9A6-4C7D-94A9-EF88DC576529}.Testing|Windows.ActiveCfg = Testing|Any CPU
		{B36A2518-B9A6-4C7D-94A9-EF88DC576529}.Testing|Windows.Build.0 = Testing|Any CPU
	EndGlobalSection
	GlobalSection(SolutionProperties) = preSolution
		HideSolutionNode = FALSE
	EndGlobalSection
	GlobalSection(NestedProjects) = preSolution
		{AA59D05B-BB5A-47BF-B40F-695DEEA77BD3} = {6BD4891C-91E6-44E7-836C-96819EF972B9}
		{B36A2518-B9A6-4C7D-94A9-EF88DC576529} = {6BD4891C-91E6-44E7-836C-96819EF972B9}
	EndGlobalSection
	GlobalSection(ExtensibilityGlobals) = postSolution
		SolutionGuid = {0CD47587-E7B6-4E64-90F6-1E8CFA8F75B3}
	EndGlobalSection
EndGlobal
